
Microsoft Visual Studio Solution File, Format Version 12.00
# Visual Studio Version 17
VisualStudioVersion = 17.10.35027.167
MinimumVisualStudioVersion = 10.0.40219.1
Project("{FAE04EC0-301F-11D3-BF4B-00C04F79EFBC}") = "Second", "Second\Second.csproj", "{6E0D2710-8C81-44A1-9A5A-5190B2B1E241}"
EndProject
Project("{9A19103F-16F7-4668-BE54-9A1E7A4F7556}") = "Sample", "..\Sample\Sample\Sample.csproj", "{E8FE83D5-F699-4B67-AA3E-DD9E66FDC38B}"
EndProject
Global
	GlobalSection(SolutionConfigurationPlatforms) = preSolution
		Debug|Any CPU = Debug|Any CPU
		Release|Any CPU = Release|Any CPU
	EndGlobalSection
	GlobalSection(ProjectConfigurationPlatforms) = postSolution
		{6E0D2710-8C81-44A1-9A5A-5190B2B1E241}.Debug|Any CPU.ActiveCfg = Debug|Any CPU
		{6E0D2710-8C81-44A1-9A5A-5190B2B1E241}.Debug|Any CPU.Build.0 = Debug|Any CPU
		{6E0D2710-8C81-44A1-9A5A-5190B2B1E241}.Release|Any CPU.ActiveCfg = Release|Any CPU
		{6E0D2710-8C81-44A1-9A5A-5190B2B1E241}.Release|Any CPU.Build.0 = Release|Any CPU
		{E8FE83D5-F699-4B67-AA3E-DD9E66FDC38B}.Debug|Any CPU.ActiveCfg = Debug|Any CPU
		{E8FE83D5-F699-4B67-AA3E-DD9E66FDC38B}.Debug|Any CPU.Build.0 = Debug|Any CPU
		{E8FE83D5-F699-4B67-AA3E-DD9E66FDC38B}.Release|Any CPU.ActiveCfg = Release|Any CPU
		{E8FE83D5-F699-4B67-AA3E-DD9E66FDC38B}.Release|Any CPU.Build.0 = Release|Any CPU
	EndGlobalSection
	GlobalSection(SolutionProperties) = preSolution
		HideSolutionNode = FALSE
	EndGlobalSection
	GlobalSection(ExtensibilityGlobals) = postSolution
		SolutionGuid = {14FABE8F-286F-41F1-A9E1-32E1DBEC3B97}
	EndGlobalSection
EndGlobal
